
Microsoft Visual Studio Solution File, Format Version 12.00
# Visual Studio Version 17
VisualStudioVersion = 17.8.34408.163
MinimumVisualStudioVersion = 10.0.40219.1
Project("{9A19103F-16F7-4668-BE54-9A1E7A4F7556}") = "Lab3", "Lab3\Lab3.csproj", "{34DE3176-4451-4FCE-B95B-A2E115FEB625}"
EndProject
Global
	GlobalSection(SolutionConfigurationPlatforms) = preSolution
		Debug|Any CPU = Debug|Any CPU
		Release|Any CPU = Release|Any CPU
	EndGlobalSection
	GlobalSection(ProjectConfigurationPlatforms) = postSolution
		{34DE3176-4451-4FCE-B95B-A2E115FEB625}.Debug|Any CPU.ActiveCfg = Debug|Any CPU
		{34DE3176-4451-4FCE-B95B-A2E115FEB625}.Debug|Any CPU.Build.0 = Debug|Any CPU
		{34DE3176-4451-4FCE-B95B-A2E115FEB625}.Release|Any CPU.ActiveCfg = Release|Any CPU
		{34DE3176-4451-4FCE-B95B-A2E115FEB625}.Release|Any CPU.Build.0 = Release|Any CPU
	EndGlobalSection
	GlobalSection(SolutionProperties) = preSolution
		HideSolutionNode = FALSE
	EndGlobalSection
	GlobalSection(ExtensibilityGlobals) = postSolution
		SolutionGuid = {82ED2475-5EE9-480B-BEF5-B6F931F17C8C}
	EndGlobalSection
EndGlobal
